
Microsoft Visual Studio Solution File, Format Version 12.00
# Visual Studio Version 16
VisualStudioVersion = 16.0.30406.217
MinimumVisualStudioVersion = 10.0.40219.1
Project("{FAE04EC0-301F-11D3-BF4B-00C04F79EFBC}") = "ConsoleApp1", "ConsoleApp1\ConsoleApp1.csproj", "{8928EBB0-860E-40EB-A269-FCBFD67147FD}"
EndProject
Global
	GlobalSection(SolutionConfigurationPlatforms) = preSolution
		Debug|Any CPU = Debug|Any CPU
		Release|Any CPU = Release|Any CPU
	EndGlobalSection
	GlobalSection(ProjectConfigurationPlatforms) = postSolution
		{8928EBB0-860E-40EB-A269-FCBFD67147FD}.Debug|Any CPU.ActiveCfg = Debug|Any CPU
		{8928EBB0-860E-40EB-A269-FCBFD67147FD}.Debug|Any CPU.Build.0 = Debug|Any CPU
		{8928EBB0-860E-40EB-A269-FCBFD67147FD}.Release|Any CPU.ActiveCfg = Release|Any CPU
		{8928EBB0-860E-40EB-A269-FCBFD67147FD}.Release|Any CPU.Build.0 = Release|Any CPU
	EndGlobalSection
	GlobalSection(SolutionProperties) = preSolution
		HideSolutionNode = FALSE
	EndGlobalSection
	GlobalSection(ExtensibilityGlobals) = postSolution
		SolutionGuid = {078EA451-B753-4551-9317-EA09A1F7907E}
	EndGlobalSection
EndGlobal
