
Microsoft Visual Studio Solution File, Format Version 12.00
# Visual Studio Version 16
VisualStudioVersion = 16.0.31702.278
MinimumVisualStudioVersion = 10.0.40219.1
Project("{9A19103F-16F7-4668-BE54-9A1E7A4F7556}") = "WebApplication2", "WebApplication2\WebApplication2.csproj", "{CB8C734D-2523-482C-BFAF-24D4FBF19DE7}"
EndProject
Project("{9A19103F-16F7-4668-BE54-9A1E7A4F7556}") = "WebApplication1", "..\WebApi\WebApplication1\WebApplication1.csproj", "{9302123A-C1E7-47C4-9E69-2ADF209D3729}"
EndProject
Project("{FAE04EC0-301F-11D3-BF4B-00C04F79EFBC}") = "TestProject", "TestProject\TestProject.csproj", "{9F3ECCC4-7B83-47EF-A806-F059D4B6262A}"
EndProject
Global
	GlobalSection(SolutionConfigurationPlatforms) = preSolution
		Debug|Any CPU = Debug|Any CPU
		Release|Any CPU = Release|Any CPU
	EndGlobalSection
	GlobalSection(ProjectConfigurationPlatforms) = postSolution
		{CB8C734D-2523-482C-BFAF-24D4FBF19DE7}.Debug|Any CPU.ActiveCfg = Debug|Any CPU
		{CB8C734D-2523-482C-BFAF-24D4FBF19DE7}.Debug|Any CPU.Build.0 = Debug|Any CPU
		{CB8C734D-2523-482C-BFAF-24D4FBF19DE7}.Release|Any CPU.ActiveCfg = Release|Any CPU
		{CB8C734D-2523-482C-BFAF-24D4FBF19DE7}.Release|Any CPU.Build.0 = Release|Any CPU
		{9302123A-C1E7-47C4-9E69-2ADF209D3729}.Debug|Any CPU.ActiveCfg = Debug|Any CPU
		{9302123A-C1E7-47C4-9E69-2ADF209D3729}.Debug|Any CPU.Build.0 = Debug|Any CPU
		{9302123A-C1E7-47C4-9E69-2ADF209D3729}.Release|Any CPU.ActiveCfg = Release|Any CPU
		{9302123A-C1E7-47C4-9E69-2ADF209D3729}.Release|Any CPU.Build.0 = Release|Any CPU
		{9F3ECCC4-7B83-47EF-A806-F059D4B6262A}.Debug|Any CPU.ActiveCfg = Debug|Any CPU
		{9F3ECCC4-7B83-47EF-A806-F059D4B6262A}.Debug|Any CPU.Build.0 = Debug|Any CPU
		{9F3ECCC4-7B83-47EF-A806-F059D4B6262A}.Release|Any CPU.ActiveCfg = Release|Any CPU
		{9F3ECCC4-7B83-47EF-A806-F059D4B6262A}.Release|Any CPU.Build.0 = Release|Any CPU
	EndGlobalSection
	GlobalSection(SolutionProperties) = preSolution
		HideSolutionNode = FALSE
	EndGlobalSection
	GlobalSection(ExtensibilityGlobals) = postSolution
		SolutionGuid = {A3395850-79D9-452F-A772-93136EEC9C85}
	EndGlobalSection
EndGlobal
